
Microsoft Visual Studio Solution File, Format Version 12.00
# Visual Studio Version 16
VisualStudioVersion = 16.0.30011.22
MinimumVisualStudioVersion = 10.0.40219.1
Project("{FAE04EC0-301F-11D3-BF4B-00C04F79EFBC}") = "UnitTestThatMethod", "UnitTestThatMethod\UnitTestThatMethod.csproj", "{7FC9020F-93A8-4CC6-90C4-719EB6B26841}"
EndProject
Global
	GlobalSection(SolutionConfigurationPlatforms) = preSolution
		Debug|Any CPU = Debug|Any CPU
		Release|Any CPU = Release|Any CPU
	EndGlobalSection
	GlobalSection(ProjectConfigurationPlatforms) = postSolution
		{7FC9020F-93A8-4CC6-90C4-719EB6B26841}.Debug|Any CPU.ActiveCfg = Debug|Any CPU
		{7FC9020F-93A8-4CC6-90C4-719EB6B26841}.Debug|Any CPU.Build.0 = Debug|Any CPU
		{7FC9020F-93A8-4CC6-90C4-719EB6B26841}.Release|Any CPU.ActiveCfg = Release|Any CPU
		{7FC9020F-93A8-4CC6-90C4-719EB6B26841}.Release|Any CPU.Build.0 = Release|Any CPU
	EndGlobalSection
	GlobalSection(SolutionProperties) = preSolution
		HideSolutionNode = FALSE
	EndGlobalSection
	GlobalSection(ExtensibilityGlobals) = postSolution
		SolutionGuid = {85D06A39-6B37-46A8-AFE9-86D1DAD93CB9}
	EndGlobalSection
EndGlobal
